
Microsoft Visual Studio Solution File, Format Version 12.00
# Visual Studio 14
VisualStudioVersion = 14.0.23107.0
MinimumVisualStudioVersion = 10.0.40219.1
Project("{F2A71F9B-5D33-465A-A702-920D77279786}") = "SeriesCalculatorLogic", "SeriesCalculatorLogic\SeriesCalculatorLogic.fsproj", "{326722B5-466F-4E93-9A74-B2FE5E34544F}"
EndProject
Project("{F2A71F9B-5D33-465A-A702-920D77279786}") = "SeriesCalculatorLogicTests", "SeriesCalculatorLogicTests\SeriesCalculatorLogicTests.fsproj", "{EE2C9FA3-5937-4905-AC8B-F67AD7FF75E8}"
EndProject
Project("{2150E333-8FDC-42A3-9474-1A3956D46DE8}") = "Solution Items", "Solution Items", "{14CDEA19-20DE-4A9F-89C8-FB1802CA926B}"
	ProjectSection(SolutionItems) = preProject
		readme.md = readme.md
	EndProjectSection
EndProject
Global
	GlobalSection(SolutionConfigurationPlatforms) = preSolution
		Debug|Any CPU = Debug|Any CPU
		Release|Any CPU = Release|Any CPU
	EndGlobalSection
	GlobalSection(ProjectConfigurationPlatforms) = postSolution
		{326722B5-466F-4E93-9A74-B2FE5E34544F}.Debug|Any CPU.ActiveCfg = Debug|Any CPU
		{326722B5-466F-4E93-9A74-B2FE5E34544F}.Debug|Any CPU.Build.0 = Debug|Any CPU
		{326722B5-466F-4E93-9A74-B2FE5E34544F}.Release|Any CPU.ActiveCfg = Release|Any CPU
		{326722B5-466F-4E93-9A74-B2FE5E34544F}.Release|Any CPU.Build.0 = Release|Any CPU
		{EE2C9FA3-5937-4905-AC8B-F67AD7FF75E8}.Debug|Any CPU.ActiveCfg = Debug|Any CPU
		{EE2C9FA3-5937-4905-AC8B-F67AD7FF75E8}.Debug|Any CPU.Build.0 = Debug|Any CPU
		{EE2C9FA3-5937-4905-AC8B-F67AD7FF75E8}.Release|Any CPU.ActiveCfg = Release|Any CPU
		{EE2C9FA3-5937-4905-AC8B-F67AD7FF75E8}.Release|Any CPU.Build.0 = Release|Any CPU
	EndGlobalSection
	GlobalSection(SolutionProperties) = preSolution
		HideSolutionNode = FALSE
	EndGlobalSection
EndGlobal
